
Microsoft Visual Studio Solution File, Format Version 12.00
# Visual Studio Version 17
VisualStudioVersion = 17.7.34024.191
MinimumVisualStudioVersion = 10.0.40219.1
Project("{8BC9CEB8-8B4A-11D0-8D11-00A0C91BC942}") = "Task2", "Task2\Task2.vcxproj", "{6C052F7C-96C6-4A24-B9C2-CC0082891E13}"
EndProject
Project("{8BC9CEB8-8B4A-11D0-8D11-00A0C91BC942}") = "Task 1_1", "..\..\source\repos\Task 1_1\Task 1_1\Task 1_1.vcxproj", "{69B6F515-D4DD-4759-9BEA-FCC1D0B79614}"
EndProject
Global
	GlobalSection(SolutionConfigurationPlatforms) = preSolution
		Debug|x64 = Debug|x64
		Debug|x86 = Debug|x86
		Release|x64 = Release|x64
		Release|x86 = Release|x86
	EndGlobalSection
	GlobalSection(ProjectConfigurationPlatforms) = postSolution
		{6C052F7C-96C6-4A24-B9C2-CC0082891E13}.Debug|x64.ActiveCfg = Debug|x64
		{6C052F7C-96C6-4A24-B9C2-CC0082891E13}.Debug|x64.Build.0 = Debug|x64
		{6C052F7C-96C6-4A24-B9C2-CC0082891E13}.Debug|x86.ActiveCfg = Debug|Win32
		{6C052F7C-96C6-4A24-B9C2-CC0082891E13}.Debug|x86.Build.0 = Debug|Win32
		{6C052F7C-96C6-4A24-B9C2-CC0082891E13}.Release|x64.ActiveCfg = Release|x64
		{6C052F7C-96C6-4A24-B9C2-CC0082891E13}.Release|x64.Build.0 = Release|x64
		{6C052F7C-96C6-4A24-B9C2-CC0082891E13}.Release|x86.ActiveCfg = Release|Win32
		{6C052F7C-96C6-4A24-B9C2-CC0082891E13}.Release|x86.Build.0 = Release|Win32
		{69B6F515-D4DD-4759-9BEA-FCC1D0B79614}.Debug|x64.ActiveCfg = Debug|x64
		{69B6F515-D4DD-4759-9BEA-FCC1D0B79614}.Debug|x64.Build.0 = Debug|x64
		{69B6F515-D4DD-4759-9BEA-FCC1D0B79614}.Debug|x86.ActiveCfg = Debug|Win32
		{69B6F515-D4DD-4759-9BEA-FCC1D0B79614}.Debug|x86.Build.0 = Debug|Win32
		{69B6F515-D4DD-4759-9BEA-FCC1D0B79614}.Release|x64.ActiveCfg = Release|x64
		{69B6F515-D4DD-4759-9BEA-FCC1D0B79614}.Release|x64.Build.0 = Release|x64
		{69B6F515-D4DD-4759-9BEA-FCC1D0B79614}.Release|x86.ActiveCfg = Release|Win32
		{69B6F515-D4DD-4759-9BEA-FCC1D0B79614}.Release|x86.Build.0 = Release|Win32
	EndGlobalSection
	GlobalSection(SolutionProperties) = preSolution
		HideSolutionNode = FALSE
	EndGlobalSection
	GlobalSection(ExtensibilityGlobals) = postSolution
		SolutionGuid = {86476065-E127-40EB-8DB3-602C93295D32}
	EndGlobalSection
EndGlobal
